// !$*UTF8*$!
{
	archiveVersion = 1;
	classes = {
	};
	objectVersion = 56;
	objects = {

/* Begin PBXBuildFile section */
		17C3DD91AC9E41EF1A20C6D2 /* Pods_Your_News_Your_NewsUITests.framework in Frameworks */ = {isa = PBXBuildFile; fileRef = DF42FE11249E571C5540D8DD /* Pods_Your_News_Your_NewsUITests.framework */; };
		325F4636ED8F4C0ECB96527F /* Pods_Your_News.framework in Frameworks */ = {isa = PBXBuildFile; fileRef = 2B1F6839F131658D2658E48B /* Pods_Your_News.framework */; };
		B353EEC80360784CCDD4BB26 /* Pods_Your_NewsTests.framework in Frameworks */ = {isa = PBXBuildFile; fileRef = 9F9D81E69B2DD9C3FB2CBD3D /* Pods_Your_NewsTests.framework */; };
		DB5C15652A78D7BD0086851A /* RealmSwift in Frameworks */ = {isa = PBXBuildFile; productRef = DB5C15642A78D7BD0086851A /* RealmSwift */; };
		DB5C15672A78D8DD0086851A /* LocalModel.swift in Sources */ = {isa = PBXBuildFile; fileRef = DB5C15662A78D8DD0086851A /* LocalModel.swift */; };
		DB5C15692A78E4EB0086851A /* DataBaseHelper.swift in Sources */ = {isa = PBXBuildFile; fileRef = DB5C15682A78E4EB0086851A /* DataBaseHelper.swift */; };
		DB6319022A78AF960064A848 /* Utilities.swift in Sources */ = {isa = PBXBuildFile; fileRef = DB6319012A78AF960064A848 /* Utilities.swift */; };
		DB9703172A7A4A4C00EC2A13 /* Lottie.framework in Frameworks */ = {isa = PBXBuildFile; fileRef = DB9703162A7A4A4C00EC2A13 /* Lottie.framework */; };
		DB97031B2A7A77E500EC2A13 /* TestingNetWorkServices.swift in Sources */ = {isa = PBXBuildFile; fileRef = DB97031A2A7A77DA00EC2A13 /* TestingNetWorkServices.swift */; };
		DB97031D2A7A7DCB00EC2A13 /* ConstantClass.swift in Sources */ = {isa = PBXBuildFile; fileRef = DB97031C2A7A7DCB00EC2A13 /* ConstantClass.swift */; };
		DB97031F2A7A7F7200EC2A13 /* MokeNetWorkClass.swift in Sources */ = {isa = PBXBuildFile; fileRef = DB97031E2A7A7F7200EC2A13 /* MokeNetWorkClass.swift */; };
		DB9703212A7A80EB00EC2A13 /* MokeTestingClass.swift in Sources */ = {isa = PBXBuildFile; fileRef = DB9703202A7A80EB00EC2A13 /* MokeTestingClass.swift */; };
		DBA30C3E2A77A3C7002F8794 /* AppDelegate.swift in Sources */ = {isa = PBXBuildFile; fileRef = DBA30C3D2A77A3C7002F8794 /* AppDelegate.swift */; };
		DBA30C402A77A3C7002F8794 /* SceneDelegate.swift in Sources */ = {isa = PBXBuildFile; fileRef = DBA30C3F2A77A3C7002F8794 /* SceneDelegate.swift */; };
		DBA30C422A77A3C7002F8794 /* ViewController.swift in Sources */ = {isa = PBXBuildFile; fileRef = DBA30C412A77A3C7002F8794 /* ViewController.swift */; };
		DBA30C452A77A3C7002F8794 /* Main.storyboard in Resources */ = {isa = PBXBuildFile; fileRef = DBA30C432A77A3C7002F8794 /* Main.storyboard */; };
		DBA30C482A77A3C7002F8794 /* Your_News.xcdatamodeld in Sources */ = {isa = PBXBuildFile; fileRef = DBA30C462A77A3C7002F8794 /* Your_News.xcdatamodeld */; };
		DBA30C4A2A77A3D0002F8794 /* Assets.xcassets in Resources */ = {isa = PBXBuildFile; fileRef = DBA30C492A77A3D0002F8794 /* Assets.xcassets */; };
		DBA30C4D2A77A3D1002F8794 /* LaunchScreen.storyboard in Resources */ = {isa = PBXBuildFile; fileRef = DBA30C4B2A77A3D1002F8794 /* LaunchScreen.storyboard */; };
		DBA30C582A77A3D3002F8794 /* Your_NewsTests.swift in Sources */ = {isa = PBXBuildFile; fileRef = DBA30C572A77A3D3002F8794 /* Your_NewsTests.swift */; };
		DBA30C622A77A3D3002F8794 /* Your_NewsUITests.swift in Sources */ = {isa = PBXBuildFile; fileRef = DBA30C612A77A3D3002F8794 /* Your_NewsUITests.swift */; };
		DBA30C642A77A3D4002F8794 /* Your_NewsUITestsLaunchTests.swift in Sources */ = {isa = PBXBuildFile; fileRef = DBA30C632A77A3D4002F8794 /* Your_NewsUITestsLaunchTests.swift */; };
		DBA30C762A77B493002F8794 /* HomeNewsTableViewCell.swift in Sources */ = {isa = PBXBuildFile; fileRef = DBA30C752A77B492002F8794 /* HomeNewsTableViewCell.swift */; };
		DBA30C782A77B591002F8794 /* NewsModel.swift in Sources */ = {isa = PBXBuildFile; fileRef = DBA30C772A77B591002F8794 /* NewsModel.swift */; };
		DBA30C7B2A77B68A002F8794 /* ApiServices.swift in Sources */ = {isa = PBXBuildFile; fileRef = DBA30C7A2A77B68A002F8794 /* ApiServices.swift */; };
		DBA30C7D2A77B78B002F8794 /* AllNewsViewModel.swift in Sources */ = {isa = PBXBuildFile; fileRef = DBA30C7C2A77B78B002F8794 /* AllNewsViewModel.swift */; };
		DBA30C802A77BE51002F8794 /* Constant.swift in Sources */ = {isa = PBXBuildFile; fileRef = DBA30C7F2A77BE51002F8794 /* Constant.swift */; };
		DBA30C822A77D799002F8794 /* NewsDetailsViewController.swift in Sources */ = {isa = PBXBuildFile; fileRef = DBA30C812A77D799002F8794 /* NewsDetailsViewController.swift */; };
		DBA30C862A77DD53002F8794 /* SafariServices.framework in Frameworks */ = {isa = PBXBuildFile; fileRef = DBA30C842A77DD3F002F8794 /* SafariServices.framework */; };
/* End PBXBuildFile section */

/* Begin PBXContainerItemProxy section */
		DBA30C542A77A3D3002F8794 /* PBXContainerItemProxy */ = {
			isa = PBXContainerItemProxy;
			containerPortal = DBA30C322A77A3C6002F8794 /* Project object */;
			proxyType = 1;
			remoteGlobalIDString = DBA30C392A77A3C7002F8794;
			remoteInfo = "Your News";
		};
		DBA30C5E2A77A3D3002F8794 /* PBXContainerItemProxy */ = {
			isa = PBXContainerItemProxy;
			containerPortal = DBA30C322A77A3C6002F8794 /* Project object */;
			proxyType = 1;
			remoteGlobalIDString = DBA30C392A77A3C7002F8794;
			remoteInfo = "Your News";
		};
/* End PBXContainerItemProxy section */

/* Begin PBXFileReference section */
		0B1421654D6B18C1C41B2DE0 /* Pods-Your NewsTests.release.xcconfig */ = {isa = PBXFileReference; includeInIndex = 1; lastKnownFileType = text.xcconfig; name = "Pods-Your NewsTests.release.xcconfig"; path = "Target Support Files/Pods-Your NewsTests/Pods-Your NewsTests.release.xcconfig"; sourceTree = "<group>"; };
		2B1F6839F131658D2658E48B /* Pods_Your_News.framework */ = {isa = PBXFileReference; explicitFileType = wrapper.framework; includeInIndex = 0; path = Pods_Your_News.framework; sourceTree = BUILT_PRODUCTS_DIR; };
		4AC1C44797BE459911261A44 /* Pods-Your News-Your NewsUITests.debug.xcconfig */ = {isa = PBXFileReference; includeInIndex = 1; lastKnownFileType = text.xcconfig; name = "Pods-Your News-Your NewsUITests.debug.xcconfig"; path = "Target Support Files/Pods-Your News-Your NewsUITests/Pods-Your News-Your NewsUITests.debug.xcconfig"; sourceTree = "<group>"; };
		5BA697A388E109C399C2A775 /* Pods-Your News-Your NewsUITests.release.xcconfig */ = {isa = PBXFileReference; includeInIndex = 1; lastKnownFileType = text.xcconfig; name = "Pods-Your News-Your NewsUITests.release.xcconfig"; path = "Target Support Files/Pods-Your News-Your NewsUITests/Pods-Your News-Your NewsUITests.release.xcconfig"; sourceTree = "<group>"; };
		9F9D81E69B2DD9C3FB2CBD3D /* Pods_Your_NewsTests.framework */ = {isa = PBXFileReference; explicitFileType = wrapper.framework; includeInIndex = 0; path = Pods_Your_NewsTests.framework; sourceTree = BUILT_PRODUCTS_DIR; };
		ABFD3282647A31718A94797C /* Pods-Your News.release.xcconfig */ = {isa = PBXFileReference; includeInIndex = 1; lastKnownFileType = text.xcconfig; name = "Pods-Your News.release.xcconfig"; path = "Target Support Files/Pods-Your News/Pods-Your News.release.xcconfig"; sourceTree = "<group>"; };
		CC966592029C35F2BA32C348 /* Pods-Your News.debug.xcconfig */ = {isa = PBXFileReference; includeInIndex = 1; lastKnownFileType = text.xcconfig; name = "Pods-Your News.debug.xcconfig"; path = "Target Support Files/Pods-Your News/Pods-Your News.debug.xcconfig"; sourceTree = "<group>"; };
		DB5C15662A78D8DD0086851A /* LocalModel.swift */ = {isa = PBXFileReference; lastKnownFileType = sourcecode.swift; path = LocalModel.swift; sourceTree = "<group>"; };
		DB5C15682A78E4EB0086851A /* DataBaseHelper.swift */ = {isa = PBXFileReference; lastKnownFileType = sourcecode.swift; path = DataBaseHelper.swift; sourceTree = "<group>"; };
		DB6319012A78AF960064A848 /* Utilities.swift */ = {isa = PBXFileReference; lastKnownFileType = sourcecode.swift; path = Utilities.swift; sourceTree = "<group>"; };
		DB9703162A7A4A4C00EC2A13 /* Lottie.framework */ = {isa = PBXFileReference; explicitFileType = wrapper.framework; path = Lottie.framework; sourceTree = BUILT_PRODUCTS_DIR; };
		DB97031A2A7A77DA00EC2A13 /* TestingNetWorkServices.swift */ = {isa = PBXFileReference; lastKnownFileType = sourcecode.swift; path = TestingNetWorkServices.swift; sourceTree = "<group>"; };
		DB97031C2A7A7DCB00EC2A13 /* ConstantClass.swift */ = {isa = PBXFileReference; lastKnownFileType = sourcecode.swift; path = ConstantClass.swift; sourceTree = "<group>"; };
		DB97031E2A7A7F7200EC2A13 /* MokeNetWorkClass.swift */ = {isa = PBXFileReference; lastKnownFileType = sourcecode.swift; path = MokeNetWorkClass.swift; sourceTree = "<group>"; };
		DB9703202A7A80EB00EC2A13 /* MokeTestingClass.swift */ = {isa = PBXFileReference; lastKnownFileType = sourcecode.swift; path = MokeTestingClass.swift; sourceTree = "<group>"; };
		DBA30C3A2A77A3C7002F8794 /* Your News.app */ = {isa = PBXFileReference; explicitFileType = wrapper.application; includeInIndex = 0; path = "Your News.app"; sourceTree = BUILT_PRODUCTS_DIR; };
		DBA30C3D2A77A3C7002F8794 /* AppDelegate.swift */ = {isa = PBXFileReference; lastKnownFileType = sourcecode.swift; path = AppDelegate.swift; sourceTree = "<group>"; };
		DBA30C3F2A77A3C7002F8794 /* SceneDelegate.swift */ = {isa = PBXFileReference; lastKnownFileType = sourcecode.swift; path = SceneDelegate.swift; sourceTree = "<group>"; };
		DBA30C412A77A3C7002F8794 /* ViewController.swift */ = {isa = PBXFileReference; lastKnownFileType = sourcecode.swift; path = ViewController.swift; sourceTree = "<group>"; };
		DBA30C442A77A3C7002F8794 /* Base */ = {isa = PBXFileReference; lastKnownFileType = file.storyboard; name = Base; path = Base.lproj/Main.storyboard; sourceTree = "<group>"; };
		DBA30C472A77A3C7002F8794 /* Your_News.xcdatamodel */ = {isa = PBXFileReference; lastKnownFileType = wrapper.xcdatamodel; path = Your_News.xcdatamodel; sourceTree = "<group>"; };
		DBA30C492A77A3D0002F8794 /* Assets.xcassets */ = {isa = PBXFileReference; lastKnownFileType = folder.assetcatalog; path = Assets.xcassets; sourceTree = "<group>"; };
		DBA30C4C2A77A3D1002F8794 /* Base */ = {isa = PBXFileReference; lastKnownFileType = file.storyboard; name = Base; path = Base.lproj/LaunchScreen.storyboard; sourceTree = "<group>"; };
		DBA30C4E2A77A3D1002F8794 /* Info.plist */ = {isa = PBXFileReference; lastKnownFileType = text.plist.xml; path = Info.plist; sourceTree = "<group>"; };
		DBA30C532A77A3D3002F8794 /* Your NewsTests.xctest */ = {isa = PBXFileReference; explicitFileType = wrapper.cfbundle; includeInIndex = 0; path = "Your NewsTests.xctest"; sourceTree = BUILT_PRODUCTS_DIR; };
		DBA30C572A77A3D3002F8794 /* Your_NewsTests.swift */ = {isa = PBXFileReference; lastKnownFileType = sourcecode.swift; path = Your_NewsTests.swift; sourceTree = "<group>"; };
		DBA30C5D2A77A3D3002F8794 /* Your NewsUITests.xctest */ = {isa = PBXFileReference; explicitFileType = wrapper.cfbundle; includeInIndex = 0; path = "Your NewsUITests.xctest"; sourceTree = BUILT_PRODUCTS_DIR; };
		DBA30C612A77A3D3002F8794 /* Your_NewsUITests.swift */ = {isa = PBXFileReference; lastKnownFileType = sourcecode.swift; path = Your_NewsUITests.swift; sourceTree = "<group>"; };
		DBA30C632A77A3D4002F8794 /* Your_NewsUITestsLaunchTests.swift */ = {isa = PBXFileReference; lastKnownFileType = sourcecode.swift; path = Your_NewsUITestsLaunchTests.swift; sourceTree = "<group>"; };
		DBA30C752A77B492002F8794 /* HomeNewsTableViewCell.swift */ = {isa = PBXFileReference; lastKnownFileType = sourcecode.swift; path = HomeNewsTableViewCell.swift; sourceTree = "<group>"; };
		DBA30C772A77B591002F8794 /* NewsModel.swift */ = {isa = PBXFileReference; lastKnownFileType = sourcecode.swift; path = NewsModel.swift; sourceTree = "<group>"; };
		DBA30C7A2A77B68A002F8794 /* ApiServices.swift */ = {isa = PBXFileReference; lastKnownFileType = sourcecode.swift; path = ApiServices.swift; sourceTree = "<group>"; };
		DBA30C7C2A77B78B002F8794 /* AllNewsViewModel.swift */ = {isa = PBXFileReference; lastKnownFileType = sourcecode.swift; path = AllNewsViewModel.swift; sourceTree = "<group>"; };
		DBA30C7F2A77BE51002F8794 /* Constant.swift */ = {isa = PBXFileReference; lastKnownFileType = sourcecode.swift; path = Constant.swift; sourceTree = "<group>"; };
		DBA30C812A77D799002F8794 /* NewsDetailsViewController.swift */ = {isa = PBXFileReference; lastKnownFileType = sourcecode.swift; path = NewsDetailsViewController.swift; sourceTree = "<group>"; };
		DBA30C842A77DD3F002F8794 /* SafariServices.framework */ = {isa = PBXFileReference; lastKnownFileType = wrapper.framework; name = SafariServices.framework; path = System/Library/Frameworks/SafariServices.framework; sourceTree = SDKROOT; };
		DF42FE11249E571C5540D8DD /* Pods_Your_News_Your_NewsUITests.framework */ = {isa = PBXFileReference; explicitFileType = wrapper.framework; includeInIndex = 0; path = Pods_Your_News_Your_NewsUITests.framework; sourceTree = BUILT_PRODUCTS_DIR; };
		EB2EAA04814E04622158D458 /* Pods-Your NewsTests.debug.xcconfig */ = {isa = PBXFileReference; includeInIndex = 1; lastKnownFileType = text.xcconfig; name = "Pods-Your NewsTests.debug.xcconfig"; path = "Target Support Files/Pods-Your NewsTests/Pods-Your NewsTests.debug.xcconfig"; sourceTree = "<group>"; };
/* End PBXFileReference section */

/* Begin PBXFrameworksBuildPhase section */
		DBA30C372A77A3C7002F8794 /* Frameworks */ = {
			isa = PBXFrameworksBuildPhase;
			buildActionMask = 2147483647;
			files = (
				DB5C15652A78D7BD0086851A /* RealmSwift in Frameworks */,
				DB9703172A7A4A4C00EC2A13 /* Lottie.framework in Frameworks */,
				DBA30C862A77DD53002F8794 /* SafariServices.framework in Frameworks */,
				325F4636ED8F4C0ECB96527F /* Pods_Your_News.framework in Frameworks */,
			);
			runOnlyForDeploymentPostprocessing = 0;
		};
		DBA30C502A77A3D3002F8794 /* Frameworks */ = {
			isa = PBXFrameworksBuildPhase;
			buildActionMask = 2147483647;
			files = (
				B353EEC80360784CCDD4BB26 /* Pods_Your_NewsTests.framework in Frameworks */,
			);
			runOnlyForDeploymentPostprocessing = 0;
		};
		DBA30C5A2A77A3D3002F8794 /* Frameworks */ = {
			isa = PBXFrameworksBuildPhase;
			buildActionMask = 2147483647;
			files = (
				17C3DD91AC9E41EF1A20C6D2 /* Pods_Your_News_Your_NewsUITests.framework in Frameworks */,
			);
			runOnlyForDeploymentPostprocessing = 0;
		};
/* End PBXFrameworksBuildPhase section */

/* Begin PBXGroup section */
		761C29EF665D350BFBF790AB /* Pods */ = {
			isa = PBXGroup;
			children = (
				CC966592029C35F2BA32C348 /* Pods-Your News.debug.xcconfig */,
				ABFD3282647A31718A94797C /* Pods-Your News.release.xcconfig */,
				4AC1C44797BE459911261A44 /* Pods-Your News-Your NewsUITests.debug.xcconfig */,
				5BA697A388E109C399C2A775 /* Pods-Your News-Your NewsUITests.release.xcconfig */,
				EB2EAA04814E04622158D458 /* Pods-Your NewsTests.debug.xcconfig */,
				0B1421654D6B18C1C41B2DE0 /* Pods-Your NewsTests.release.xcconfig */,
			);
			path = Pods;
			sourceTree = "<group>";
		};
		DB6319032A78BA9F0064A848 /* Realm Manager */ = {
			isa = PBXGroup;
			children = (
				DB5C15662A78D8DD0086851A /* LocalModel.swift */,
				DB5C15682A78E4EB0086851A /* DataBaseHelper.swift */,
			);
			path = "Realm Manager";
			sourceTree = "<group>";
		};
		DBA30C312A77A3C6002F8794 = {
			isa = PBXGroup;
			children = (
				DBA30C3C2A77A3C7002F8794 /* Your News */,
				DBA30C562A77A3D3002F8794 /* Your NewsTests */,
				DBA30C602A77A3D3002F8794 /* Your NewsUITests */,
				DBA30C3B2A77A3C7002F8794 /* Products */,
				DBA30C832A77DD3A002F8794 /* Frameworks */,
				761C29EF665D350BFBF790AB /* Pods */,
			);
			sourceTree = "<group>";
		};
		DBA30C3B2A77A3C7002F8794 /* Products */ = {
			isa = PBXGroup;
			children = (
				DBA30C3A2A77A3C7002F8794 /* Your News.app */,
				DBA30C532A77A3D3002F8794 /* Your NewsTests.xctest */,
				DBA30C5D2A77A3D3002F8794 /* Your NewsUITests.xctest */,
			);
			name = Products;
			sourceTree = "<group>";
		};
		DBA30C3C2A77A3C7002F8794 /* Your News */ = {
			isa = PBXGroup;
			children = (
				DBA30C7E2A77BDA0002F8794 /* Utilites */,
				DBA30C742A77A90A002F8794 /* ViewModel */,
				DBA30C732A77A901002F8794 /* View */,
				DBA30C722A77A8F7002F8794 /* Model */,
				DBA30C3D2A77A3C7002F8794 /* AppDelegate.swift */,
				DBA30C3F2A77A3C7002F8794 /* SceneDelegate.swift */,
				DBA30C492A77A3D0002F8794 /* Assets.xcassets */,
				DBA30C4E2A77A3D1002F8794 /* Info.plist */,
				DBA30C462A77A3C7002F8794 /* Your_News.xcdatamodeld */,
			);
			path = "Your News";
			sourceTree = "<group>";
		};
		DBA30C562A77A3D3002F8794 /* Your NewsTests */ = {
			isa = PBXGroup;
			children = (
				DBA30C572A77A3D3002F8794 /* Your_NewsTests.swift */,
				DB97031A2A7A77DA00EC2A13 /* TestingNetWorkServices.swift */,
				DB97031C2A7A7DCB00EC2A13 /* ConstantClass.swift */,
				DB97031E2A7A7F7200EC2A13 /* MokeNetWorkClass.swift */,
				DB9703202A7A80EB00EC2A13 /* MokeTestingClass.swift */,
			);
			path = "Your NewsTests";
			sourceTree = "<group>";
		};
		DBA30C602A77A3D3002F8794 /* Your NewsUITests */ = {
			isa = PBXGroup;
			children = (
				DBA30C612A77A3D3002F8794 /* Your_NewsUITests.swift */,
				DBA30C632A77A3D4002F8794 /* Your_NewsUITestsLaunchTests.swift */,
			);
			path = "Your NewsUITests";
			sourceTree = "<group>";
		};
		DBA30C722A77A8F7002F8794 /* Model */ = {
			isa = PBXGroup;
			children = (
				DB6319032A78BA9F0064A848 /* Realm Manager */,
				DBA30C792A77B5F2002F8794 /* NetWork Manager */,
				DBA30C772A77B591002F8794 /* NewsModel.swift */,
			);
			path = Model;
			sourceTree = "<group>";
		};
		DBA30C732A77A901002F8794 /* View */ = {
			isa = PBXGroup;
			children = (
				DBA30C412A77A3C7002F8794 /* ViewController.swift */,
				DBA30C432A77A3C7002F8794 /* Main.storyboard */,
				DBA30C4B2A77A3D1002F8794 /* LaunchScreen.storyboard */,
				DBA30C752A77B492002F8794 /* HomeNewsTableViewCell.swift */,
				DBA30C812A77D799002F8794 /* NewsDetailsViewController.swift */,
			);
			path = View;
			sourceTree = "<group>";
		};
		DBA30C742A77A90A002F8794 /* ViewModel */ = {
			isa = PBXGroup;
			children = (
				DBA30C7C2A77B78B002F8794 /* AllNewsViewModel.swift */,
			);
			path = ViewModel;
			sourceTree = "<group>";
		};
		DBA30C792A77B5F2002F8794 /* NetWork Manager */ = {
			isa = PBXGroup;
			children = (
				DBA30C7A2A77B68A002F8794 /* ApiServices.swift */,
			);
			path = "NetWork Manager";
			sourceTree = "<group>";
		};
		DBA30C7E2A77BDA0002F8794 /* Utilites */ = {
			isa = PBXGroup;
			children = (
				DBA30C7F2A77BE51002F8794 /* Constant.swift */,
				DB6319012A78AF960064A848 /* Utilities.swift */,
			);
			path = Utilites;
			sourceTree = "<group>";
		};
		DBA30C832A77DD3A002F8794 /* Frameworks */ = {
			isa = PBXGroup;
			children = (
				DB9703162A7A4A4C00EC2A13 /* Lottie.framework */,
				DBA30C842A77DD3F002F8794 /* SafariServices.framework */,
				2B1F6839F131658D2658E48B /* Pods_Your_News.framework */,
				DF42FE11249E571C5540D8DD /* Pods_Your_News_Your_NewsUITests.framework */,
				9F9D81E69B2DD9C3FB2CBD3D /* Pods_Your_NewsTests.framework */,
			);
			name = Frameworks;
			sourceTree = "<group>";
		};
/* End PBXGroup section */

/* Begin PBXNativeTarget section */
		DBA30C392A77A3C7002F8794 /* Your News */ = {
			isa = PBXNativeTarget;
			buildConfigurationList = DBA30C672A77A3D4002F8794 /* Build configuration list for PBXNativeTarget "Your News" */;
			buildPhases = (
				702616946FBF7F0F4CF1A939 /* [CP] Check Pods Manifest.lock */,
				DBA30C362A77A3C7002F8794 /* Sources */,
				DBA30C372A77A3C7002F8794 /* Frameworks */,
				DBA30C382A77A3C7002F8794 /* Resources */,
				9CD8D40D5AD8F5736C3D0698 /* [CP] Embed Pods Frameworks */,
			);
			buildRules = (
			);
			dependencies = (
			);
			name = "Your News";
			packageProductDependencies = (
				DB5C15642A78D7BD0086851A /* RealmSwift */,
			);
			productName = "Your News";
			productReference = DBA30C3A2A77A3C7002F8794 /* Your News.app */;
			productType = "com.apple.product-type.application";
		};
		DBA30C522A77A3D3002F8794 /* Your NewsTests */ = {
			isa = PBXNativeTarget;
			buildConfigurationList = DBA30C6A2A77A3D4002F8794 /* Build configuration list for PBXNativeTarget "Your NewsTests" */;
			buildPhases = (
				CCA1AF92757B5F2053B3B5CB /* [CP] Check Pods Manifest.lock */,
				DBA30C4F2A77A3D3002F8794 /* Sources */,
				DBA30C502A77A3D3002F8794 /* Frameworks */,
				DBA30C512A77A3D3002F8794 /* Resources */,
			);
			buildRules = (
			);
			dependencies = (
				DBA30C552A77A3D3002F8794 /* PBXTargetDependency */,
			);
			name = "Your NewsTests";
			productName = "Your NewsTests";
			productReference = DBA30C532A77A3D3002F8794 /* Your NewsTests.xctest */;
			productType = "com.apple.product-type.bundle.unit-test";
		};
		DBA30C5C2A77A3D3002F8794 /* Your NewsUITests */ = {
			isa = PBXNativeTarget;
			buildConfigurationList = DBA30C6D2A77A3D4002F8794 /* Build configuration list for PBXNativeTarget "Your NewsUITests" */;
			buildPhases = (
				0169AB9AB9BC51EEC6D8C9CD /* [CP] Check Pods Manifest.lock */,
				DBA30C592A77A3D3002F8794 /* Sources */,
				DBA30C5A2A77A3D3002F8794 /* Frameworks */,
				DBA30C5B2A77A3D3002F8794 /* Resources */,
				C225ED94FBAE157029BB2F79 /* [CP] Embed Pods Frameworks */,
			);
			buildRules = (
			);
			dependencies = (
				DBA30C5F2A77A3D3002F8794 /* PBXTargetDependency */,
			);
			name = "Your NewsUITests";
			productName = "Your NewsUITests";
			productReference = DBA30C5D2A77A3D3002F8794 /* Your NewsUITests.xctest */;
			productType = "com.apple.product-type.bundle.ui-testing";
		};
/* End PBXNativeTarget section */

/* Begin PBXProject section */
		DBA30C322A77A3C6002F8794 /* Project object */ = {
			isa = PBXProject;
			attributes = {
				BuildIndependentTargetsInParallel = 1;
				LastSwiftUpdateCheck = 1420;
				LastUpgradeCheck = 1420;
				TargetAttributes = {
					DBA30C392A77A3C7002F8794 = {
						CreatedOnToolsVersion = 14.2;
					};
					DBA30C522A77A3D3002F8794 = {
						CreatedOnToolsVersion = 14.2;
						TestTargetID = DBA30C392A77A3C7002F8794;
					};
					DBA30C5C2A77A3D3002F8794 = {
						CreatedOnToolsVersion = 14.2;
						TestTargetID = DBA30C392A77A3C7002F8794;
					};
				};
			};
			buildConfigurationList = DBA30C352A77A3C6002F8794 /* Build configuration list for PBXProject "Your News" */;
			compatibilityVersion = "Xcode 14.0";
			developmentRegion = en;
			hasScannedForEncodings = 0;
			knownRegions = (
				en,
				Base,
			);
			mainGroup = DBA30C312A77A3C6002F8794;
			packageReferences = (
				DB5C15632A78D7BC0086851A /* XCRemoteSwiftPackageReference "realm-swift" */,
			);
			productRefGroup = DBA30C3B2A77A3C7002F8794 /* Products */;
			projectDirPath = "";
			projectRoot = "";
			targets = (
				DBA30C392A77A3C7002F8794 /* Your News */,
				DBA30C522A77A3D3002F8794 /* Your NewsTests */,
				DBA30C5C2A77A3D3002F8794 /* Your NewsUITests */,
			);
		};
/* End PBXProject section */

/* Begin PBXResourcesBuildPhase section */
		DBA30C382A77A3C7002F8794 /* Resources */ = {
			isa = PBXResourcesBuildPhase;
			buildActionMask = 2147483647;
			files = (
				DBA30C4D2A77A3D1002F8794 /* LaunchScreen.storyboard in Resources */,
				DBA30C4A2A77A3D0002F8794 /* Assets.xcassets in Resources */,
				DBA30C452A77A3C7002F8794 /* Main.storyboard in Resources */,
			);
			runOnlyForDeploymentPostprocessing = 0;
		};
		DBA30C512A77A3D3002F8794 /* Resources */ = {
			isa = PBXResourcesBuildPhase;
			buildActionMask = 2147483647;
			files = (
			);
			runOnlyForDeploymentPostprocessing = 0;
		};
		DBA30C5B2A77A3D3002F8794 /* Resources */ = {
			isa = PBXResourcesBuildPhase;
			buildActionMask = 2147483647;
			files = (
			);
			runOnlyForDeploymentPostprocessing = 0;
		};
/* End PBXResourcesBuildPhase section */

/* Begin PBXShellScriptBuildPhase section */
		0169AB9AB9BC51EEC6D8C9CD /* [CP] Check Pods Manifest.lock */ = {
			isa = PBXShellScriptBuildPhase;
			buildActionMask = 2147483647;
			files = (
			);
			inputFileListPaths = (
			);
			inputPaths = (
				"${PODS_PODFILE_DIR_PATH}/Podfile.lock",
				"${PODS_ROOT}/Manifest.lock",
			);
			name = "[CP] Check Pods Manifest.lock";
			outputFileListPaths = (
			);
			outputPaths = (
				"$(DERIVED_FILE_DIR)/Pods-Your News-Your NewsUITests-checkManifestLockResult.txt",
			);
			runOnlyForDeploymentPostprocessing = 0;
			shellPath = /bin/sh;
			shellScript = "diff \"${PODS_PODFILE_DIR_PATH}/Podfile.lock\" \"${PODS_ROOT}/Manifest.lock\" > /dev/null\nif [ $? != 0 ] ; then\n    # print error to STDERR\n    echo \"error: The sandbox is not in sync with the Podfile.lock. Run 'pod install' or update your CocoaPods installation.\" >&2\n    exit 1\nfi\n# This output is used by Xcode 'outputs' to avoid re-running this script phase.\necho \"SUCCESS\" > \"${SCRIPT_OUTPUT_FILE_0}\"\n";
			showEnvVarsInLog = 0;
		};
		702616946FBF7F0F4CF1A939 /* [CP] Check Pods Manifest.lock */ = {
			isa = PBXShellScriptBuildPhase;
			buildActionMask = 2147483647;
			files = (
			);
			inputFileListPaths = (
			);
			inputPaths = (
				"${PODS_PODFILE_DIR_PATH}/Podfile.lock",
				"${PODS_ROOT}/Manifest.lock",
			);
			name = "[CP] Check Pods Manifest.lock";
			outputFileListPaths = (
			);
			outputPaths = (
				"$(DERIVED_FILE_DIR)/Pods-Your News-checkManifestLockResult.txt",
			);
			runOnlyForDeploymentPostprocessing = 0;
			shellPath = /bin/sh;
			shellScript = "diff \"${PODS_PODFILE_DIR_PATH}/Podfile.lock\" \"${PODS_ROOT}/Manifest.lock\" > /dev/null\nif [ $? != 0 ] ; then\n    # print error to STDERR\n    echo \"error: The sandbox is not in sync with the Podfile.lock. Run 'pod install' or update your CocoaPods installation.\" >&2\n    exit 1\nfi\n# This output is used by Xcode 'outputs' to avoid re-running this script phase.\necho \"SUCCESS\" > \"${SCRIPT_OUTPUT_FILE_0}\"\n";
			showEnvVarsInLog = 0;
		};
		9CD8D40D5AD8F5736C3D0698 /* [CP] Embed Pods Frameworks */ = {
			isa = PBXShellScriptBuildPhase;
			buildActionMask = 2147483647;
			files = (
			);
			inputFileListPaths = (
				"${PODS_ROOT}/Target Support Files/Pods-Your News/Pods-Your News-frameworks-${CONFIGURATION}-input-files.xcfilelist",
			);
			name = "[CP] Embed Pods Frameworks";
			outputFileListPaths = (
				"${PODS_ROOT}/Target Support Files/Pods-Your News/Pods-Your News-frameworks-${CONFIGURATION}-output-files.xcfilelist",
			);
			runOnlyForDeploymentPostprocessing = 0;
			shellPath = /bin/sh;
			shellScript = "\"${PODS_ROOT}/Target Support Files/Pods-Your News/Pods-Your News-frameworks.sh\"\n";
			showEnvVarsInLog = 0;
		};
		C225ED94FBAE157029BB2F79 /* [CP] Embed Pods Frameworks */ = {
			isa = PBXShellScriptBuildPhase;
			buildActionMask = 2147483647;
			files = (
			);
			inputFileListPaths = (
				"${PODS_ROOT}/Target Support Files/Pods-Your News-Your NewsUITests/Pods-Your News-Your NewsUITests-frameworks-${CONFIGURATION}-input-files.xcfilelist",
			);
			name = "[CP] Embed Pods Frameworks";
			outputFileListPaths = (
				"${PODS_ROOT}/Target Support Files/Pods-Your News-Your NewsUITests/Pods-Your News-Your NewsUITests-frameworks-${CONFIGURATION}-output-files.xcfilelist",
			);
			runOnlyForDeploymentPostprocessing = 0;
			shellPath = /bin/sh;
			shellScript = "\"${PODS_ROOT}/Target Support Files/Pods-Your News-Your NewsUITests/Pods-Your News-Your NewsUITests-frameworks.sh\"\n";
			showEnvVarsInLog = 0;
		};
		CCA1AF92757B5F2053B3B5CB /* [CP] Check Pods Manifest.lock */ = {
			isa = PBXShellScriptBuildPhase;
			buildActionMask = 2147483647;
			files = (
			);
			inputFileListPaths = (
			);
			inputPaths = (
				"${PODS_PODFILE_DIR_PATH}/Podfile.lock",
				"${PODS_ROOT}/Manifest.lock",
			);
			name = "[CP] Check Pods Manifest.lock";
			outputFileListPaths = (
			);
			outputPaths = (
				"$(DERIVED_FILE_DIR)/Pods-Your NewsTests-checkManifestLockResult.txt",
			);
			runOnlyForDeploymentPostprocessing = 0;
			shellPath = /bin/sh;
			shellScript = "diff \"${PODS_PODFILE_DIR_PATH}/Podfile.lock\" \"${PODS_ROOT}/Manifest.lock\" > /dev/null\nif [ $? != 0 ] ; then\n    # print error to STDERR\n    echo \"error: The sandbox is not in sync with the Podfile.lock. Run 'pod install' or update your CocoaPods installation.\" >&2\n    exit 1\nfi\n# This output is used by Xcode 'outputs' to avoid re-running this script phase.\necho \"SUCCESS\" > \"${SCRIPT_OUTPUT_FILE_0}\"\n";
			showEnvVarsInLog = 0;
		};
/* End PBXShellScriptBuildPhase section */

/* Begin PBXSourcesBuildPhase section */
		DBA30C362A77A3C7002F8794 /* Sources */ = {
			isa = PBXSourcesBuildPhase;
			buildActionMask = 2147483647;
			files = (
				DBA30C822A77D799002F8794 /* NewsDetailsViewController.swift in Sources */,
				DB5C15672A78D8DD0086851A /* LocalModel.swift in Sources */,
				DBA30C782A77B591002F8794 /* NewsModel.swift in Sources */,
				DB5C15692A78E4EB0086851A /* DataBaseHelper.swift in Sources */,
				DB6319022A78AF960064A848 /* Utilities.swift in Sources */,
				DBA30C7B2A77B68A002F8794 /* ApiServices.swift in Sources */,
				DBA30C802A77BE51002F8794 /* Constant.swift in Sources */,
				DBA30C422A77A3C7002F8794 /* ViewController.swift in Sources */,
				DBA30C482A77A3C7002F8794 /* Your_News.xcdatamodeld in Sources */,
				DBA30C3E2A77A3C7002F8794 /* AppDelegate.swift in Sources */,
				DBA30C402A77A3C7002F8794 /* SceneDelegate.swift in Sources */,
				DBA30C762A77B493002F8794 /* HomeNewsTableViewCell.swift in Sources */,
				DBA30C7D2A77B78B002F8794 /* AllNewsViewModel.swift in Sources */,
			);
			runOnlyForDeploymentPostprocessing = 0;
		};
		DBA30C4F2A77A3D3002F8794 /* Sources */ = {
			isa = PBXSourcesBuildPhase;
			buildActionMask = 2147483647;
			files = (
				DB9703212A7A80EB00EC2A13 /* MokeTestingClass.swift in Sources */,
				DBA30C582A77A3D3002F8794 /* Your_NewsTests.swift in Sources */,
				DB97031F2A7A7F7200EC2A13 /* MokeNetWorkClass.swift in Sources */,
				DB97031B2A7A77E500EC2A13 /* TestingNetWorkServices.swift in Sources */,
				DB97031D2A7A7DCB00EC2A13 /* ConstantClass.swift in Sources */,
			);
			runOnlyForDeploymentPostprocessing = 0;
		};
		DBA30C592A77A3D3002F8794 /* Sources */ = {
			isa = PBXSourcesBuildPhase;
			buildActionMask = 2147483647;
			files = (
				DBA30C642A77A3D4002F8794 /* Your_NewsUITestsLaunchTests.swift in Sources */,
				DBA30C622A77A3D3002F8794 /* Your_NewsUITests.swift in Sources */,
			);
			runOnlyForDeploymentPostprocessing = 0;
		};
/* End PBXSourcesBuildPhase section */

/* Begin PBXTargetDependency section */
		DBA30C552A77A3D3002F8794 /* PBXTargetDependency */ = {
			isa = PBXTargetDependency;
			target = DBA30C392A77A3C7002F8794 /* Your News */;
			targetProxy = DBA30C542A77A3D3002F8794 /* PBXContainerItemProxy */;
		};
		DBA30C5F2A77A3D3002F8794 /* PBXTargetDependency */ = {
			isa = PBXTargetDependency;
			target = DBA30C392A77A3C7002F8794 /* Your News */;
			targetProxy = DBA30C5E2A77A3D3002F8794 /* PBXContainerItemProxy */;
		};
/* End PBXTargetDependency section */

/* Begin PBXVariantGroup section */
		DBA30C432A77A3C7002F8794 /* Main.storyboard */ = {
			isa = PBXVariantGroup;
			children = (
				DBA30C442A77A3C7002F8794 /* Base */,
			);
			name = Main.storyboard;
			sourceTree = "<group>";
		};
		DBA30C4B2A77A3D1002F8794 /* LaunchScreen.storyboard */ = {
			isa = PBXVariantGroup;
			children = (
				DBA30C4C2A77A3D1002F8794 /* Base */,
			);
			name = LaunchScreen.storyboard;
			sourceTree = "<group>";
		};
/* End PBXVariantGroup section */

/* Begin XCBuildConfiguration section */
		DBA30C652A77A3D4002F8794 /* Debug */ = {
			isa = XCBuildConfiguration;
			buildSettings = {
				ALWAYS_SEARCH_USER_PATHS = NO;
				CLANG_ANALYZER_NONNULL = YES;
				CLANG_ANALYZER_NUMBER_OBJECT_CONVERSION = YES_AGGRESSIVE;
				CLANG_CXX_LANGUAGE_STANDARD = "gnu++20";
				CLANG_ENABLE_MODULES = YES;
				CLANG_ENABLE_OBJC_ARC = YES;
				CLANG_ENABLE_OBJC_WEAK = YES;
				CLANG_WARN_BLOCK_CAPTURE_AUTORELEASING = YES;
				CLANG_WARN_BOOL_CONVERSION = YES;
				CLANG_WARN_COMMA = YES;
				CLANG_WARN_CONSTANT_CONVERSION = YES;
				CLANG_WARN_DEPRECATED_OBJC_IMPLEMENTATIONS = YES;
				CLANG_WARN_DIRECT_OBJC_ISA_USAGE = YES_ERROR;
				CLANG_WARN_DOCUMENTATION_COMMENTS = YES;
				CLANG_WARN_EMPTY_BODY = YES;
				CLANG_WARN_ENUM_CONVERSION = YES;
				CLANG_WARN_INFINITE_RECURSION = YES;
				CLANG_WARN_INT_CONVERSION = YES;
				CLANG_WARN_NON_LITERAL_NULL_CONVERSION = YES;
				CLANG_WARN_OBJC_IMPLICIT_RETAIN_SELF = YES;
				CLANG_WARN_OBJC_LITERAL_CONVERSION = YES;
				CLANG_WARN_OBJC_ROOT_CLASS = YES_ERROR;
				CLANG_WARN_QUOTED_INCLUDE_IN_FRAMEWORK_HEADER = YES;
				CLANG_WARN_RANGE_LOOP_ANALYSIS = YES;
				CLANG_WARN_STRICT_PROTOTYPES = YES;
				CLANG_WARN_SUSPICIOUS_MOVE = YES;
				CLANG_WARN_UNGUARDED_AVAILABILITY = YES_AGGRESSIVE;
				CLANG_WARN_UNREACHABLE_CODE = YES;
				CLANG_WARN__DUPLICATE_METHOD_MATCH = YES;
				COPY_PHASE_STRIP = NO;
				DEBUG_INFORMATION_FORMAT = dwarf;
				ENABLE_STRICT_OBJC_MSGSEND = YES;
				ENABLE_TESTABILITY = YES;
				GCC_C_LANGUAGE_STANDARD = gnu11;
				GCC_DYNAMIC_NO_PIC = NO;
				GCC_NO_COMMON_BLOCKS = YES;
				GCC_OPTIMIZATION_LEVEL = 0;
				GCC_PREPROCESSOR_DEFINITIONS = (
					"DEBUG=1",
					"$(inherited)",
				);
				GCC_WARN_64_TO_32_BIT_CONVERSION = YES;
				GCC_WARN_ABOUT_RETURN_TYPE = YES_ERROR;
				GCC_WARN_UNDECLARED_SELECTOR = YES;
				GCC_WARN_UNINITIALIZED_AUTOS = YES_AGGRESSIVE;
				GCC_WARN_UNUSED_FUNCTION = YES;
				GCC_WARN_UNUSED_VARIABLE = YES;
				IPHONEOS_DEPLOYMENT_TARGET = 16.2;
				MTL_ENABLE_DEBUG_INFO = INCLUDE_SOURCE;
				MTL_FAST_MATH = YES;
				ONLY_ACTIVE_ARCH = YES;
				SDKROOT = iphoneos;
				SWIFT_ACTIVE_COMPILATION_CONDITIONS = DEBUG;
				SWIFT_OPTIMIZATION_LEVEL = "-Onone";
			};
			name = Debug;
		};
		DBA30C662A77A3D4002F8794 /* Release */ = {
			isa = XCBuildConfiguration;
			buildSettings = {
				ALWAYS_SEARCH_USER_PATHS = NO;
				CLANG_ANALYZER_NONNULL = YES;
				CLANG_ANALYZER_NUMBER_OBJECT_CONVERSION = YES_AGGRESSIVE;
				CLANG_CXX_LANGUAGE_STANDARD = "gnu++20";
				CLANG_ENABLE_MODULES = YES;
				CLANG_ENABLE_OBJC_ARC = YES;
				CLANG_ENABLE_OBJC_WEAK = YES;
				CLANG_WARN_BLOCK_CAPTURE_AUTORELEASING = YES;
				CLANG_WARN_BOOL_CONVERSION = YES;
				CLANG_WARN_COMMA = YES;
				CLANG_WARN_CONSTANT_CONVERSION = YES;
				CLANG_WARN_DEPRECATED_OBJC_IMPLEMENTATIONS = YES;
				CLANG_WARN_DIRECT_OBJC_ISA_USAGE = YES_ERROR;
				CLANG_WARN_DOCUMENTATION_COMMENTS = YES;
				CLANG_WARN_EMPTY_BODY = YES;
				CLANG_WARN_ENUM_CONVERSION = YES;
				CLANG_WARN_INFINITE_RECURSION = YES;
				CLANG_WARN_INT_CONVERSION = YES;
				CLANG_WARN_NON_LITERAL_NULL_CONVERSION = YES;
				CLANG_WARN_OBJC_IMPLICIT_RETAIN_SELF = YES;
				CLANG_WARN_OBJC_LITERAL_CONVERSION = YES;
				CLANG_WARN_OBJC_ROOT_CLASS = YES_ERROR;
				CLANG_WARN_QUOTED_INCLUDE_IN_FRAMEWORK_HEADER = YES;
				CLANG_WARN_RANGE_LOOP_ANALYSIS = YES;
				CLANG_WARN_STRICT_PROTOTYPES = YES;
				CLANG_WARN_SUSPICIOUS_MOVE = YES;
				CLANG_WARN_UNGUARDED_AVAILABILITY = YES_AGGRESSIVE;
				CLANG_WARN_UNREACHABLE_CODE = YES;
				CLANG_WARN__DUPLICATE_METHOD_MATCH = YES;
				COPY_PHASE_STRIP = NO;
				DEBUG_INFORMATION_FORMAT = "dwarf-with-dsym";
				ENABLE_NS_ASSERTIONS = NO;
				ENABLE_STRICT_OBJC_MSGSEND = YES;
				GCC_C_LANGUAGE_STANDARD = gnu11;
				GCC_NO_COMMON_BLOCKS = YES;
				GCC_WARN_64_TO_32_BIT_CONVERSION = YES;
				GCC_WARN_ABOUT_RETURN_TYPE = YES_ERROR;
				GCC_WARN_UNDECLARED_SELECTOR = YES;
				GCC_WARN_UNINITIALIZED_AUTOS = YES_AGGRESSIVE;
				GCC_WARN_UNUSED_FUNCTION = YES;
				GCC_WARN_UNUSED_VARIABLE = YES;
				IPHONEOS_DEPLOYMENT_TARGET = 16.2;
				MTL_ENABLE_DEBUG_INFO = NO;
				MTL_FAST_MATH = YES;
				SDKROOT = iphoneos;
				SWIFT_COMPILATION_MODE = wholemodule;
				SWIFT_OPTIMIZATION_LEVEL = "-O";
				VALIDATE_PRODUCT = YES;
			};
			name = Release;
		};
		DBA30C682A77A3D4002F8794 /* Debug */ = {
			isa = XCBuildConfiguration;
			baseConfigurationReference = CC966592029C35F2BA32C348 /* Pods-Your News.debug.xcconfig */;
			buildSettings = {
				ASSETCATALOG_COMPILER_APPICON_NAME = AppIcon;
				ASSETCATALOG_COMPILER_GLOBAL_ACCENT_COLOR_NAME = AccentColor;
				CODE_SIGN_STYLE = Automatic;
				CURRENT_PROJECT_VERSION = 1;
				GENERATE_INFOPLIST_FILE = YES;
				INFOPLIST_FILE = "Your News/Info.plist";
				INFOPLIST_KEY_UIApplicationSupportsIndirectInputEvents = YES;
				INFOPLIST_KEY_UILaunchStoryboardName = LaunchScreen;
				INFOPLIST_KEY_UIMainStoryboardFile = Main;
				INFOPLIST_KEY_UISupportedInterfaceOrientations_iPad = "UIInterfaceOrientationPortrait UIInterfaceOrientationPortraitUpsideDown UIInterfaceOrientationLandscapeLeft UIInterfaceOrientationLandscapeRight";
				INFOPLIST_KEY_UISupportedInterfaceOrientations_iPhone = "UIInterfaceOrientationPortrait UIInterfaceOrientationLandscapeLeft UIInterfaceOrientationLandscapeRight";
				LD_RUNPATH_SEARCH_PATHS = (
					"$(inherited)",
					"@executable_path/Frameworks",
				);
				MARKETING_VERSION = 1.0;
				PRODUCT_BUNDLE_IDENTIFIER = "com.First.Your-News";
				PRODUCT_NAME = "$(TARGET_NAME)";
				SWIFT_EMIT_LOC_STRINGS = YES;
				SWIFT_VERSION = 5.0;
				TARGETED_DEVICE_FAMILY = "1,2";
			};
			name = Debug;
		};
		DBA30C692A77A3D4002F8794 /* Release */ = {
			isa = XCBuildConfiguration;
			baseConfigurationReference = ABFD3282647A31718A94797C /* Pods-Your News.release.xcconfig */;
			buildSettings = {
				ASSETCATALOG_COMPILER_APPICON_NAME = AppIcon;
				ASSETCATALOG_COMPILER_GLOBAL_ACCENT_COLOR_NAME = AccentColor;
				CODE_SIGN_STYLE = Automatic;
				CURRENT_PROJECT_VERSION = 1;
				GENERATE_INFOPLIST_FILE = YES;
				INFOPLIST_FILE = "Your News/Info.plist";
				INFOPLIST_KEY_UIApplicationSupportsIndirectInputEvents = YES;
				INFOPLIST_KEY_UILaunchStoryboardName = LaunchScreen;
				INFOPLIST_KEY_UIMainStoryboardFile = Main;
				INFOPLIST_KEY_UISupportedInterfaceOrientations_iPad = "UIInterfaceOrientationPortrait UIInterfaceOrientationPortraitUpsideDown UIInterfaceOrientationLandscapeLeft UIInterfaceOrientationLandscapeRight";
				INFOPLIST_KEY_UISupportedInterfaceOrientations_iPhone = "UIInterfaceOrientationPortrait UIInterfaceOrientationLandscapeLeft UIInterfaceOrientationLandscapeRight";
				LD_RUNPATH_SEARCH_PATHS = (
					"$(inherited)",
					"@executable_path/Frameworks",
				);
				MARKETING_VERSION = 1.0;
				PRODUCT_BUNDLE_IDENTIFIER = "com.First.Your-News";
				PRODUCT_NAME = "$(TARGET_NAME)";
				SWIFT_EMIT_LOC_STRINGS = YES;
				SWIFT_VERSION = 5.0;
				TARGETED_DEVICE_FAMILY = "1,2";
			};
			name = Release;
		};
		DBA30C6B2A77A3D4002F8794 /* Debug */ = {
			isa = XCBuildConfiguration;
			baseConfigurationReference = EB2EAA04814E04622158D458 /* Pods-Your NewsTests.debug.xcconfig */;
			buildSettings = {
				ALWAYS_EMBED_SWIFT_STANDARD_LIBRARIES = YES;
				BUNDLE_LOADER = "$(TEST_HOST)";
				CODE_SIGN_STYLE = Automatic;
				CURRENT_PROJECT_VERSION = 1;
				GENERATE_INFOPLIST_FILE = YES;
				IPHONEOS_DEPLOYMENT_TARGET = 16.2;
				MARKETING_VERSION = 1.0;
				PRODUCT_BUNDLE_IDENTIFIER = "com.First.Your-NewsTests";
				PRODUCT_NAME = "$(TARGET_NAME)";
				SWIFT_EMIT_LOC_STRINGS = NO;
				SWIFT_VERSION = 5.0;
				TARGETED_DEVICE_FAMILY = "1,2";
				TEST_HOST = "$(BUILT_PRODUCTS_DIR)/Your News.app/$(BUNDLE_EXECUTABLE_FOLDER_PATH)/Your News";
			};
			name = Debug;
		};
		DBA30C6C2A77A3D4002F8794 /* Release */ = {
			isa = XCBuildConfiguration;
			baseConfigurationReference = 0B1421654D6B18C1C41B2DE0 /* Pods-Your NewsTests.release.xcconfig */;
			buildSettings = {
				ALWAYS_EMBED_SWIFT_STANDARD_LIBRARIES = YES;
				BUNDLE_LOADER = "$(TEST_HOST)";
				CODE_SIGN_STYLE = Automatic;
				CURRENT_PROJECT_VERSION = 1;
				GENERATE_INFOPLIST_FILE = YES;
				IPHONEOS_DEPLOYMENT_TARGET = 16.2;
				MARKETING_VERSION = 1.0;
				PRODUCT_BUNDLE_IDENTIFIER = "com.First.Your-NewsTests";
				PRODUCT_NAME = "$(TARGET_NAME)";
				SWIFT_EMIT_LOC_STRINGS = NO;
				SWIFT_VERSION = 5.0;
				TARGETED_DEVICE_FAMILY = "1,2";
				TEST_HOST = "$(BUILT_PRODUCTS_DIR)/Your News.app/$(BUNDLE_EXECUTABLE_FOLDER_PATH)/Your News";
			};
			name = Release;
		};
		DBA30C6E2A77A3D4002F8794 /* Debug */ = {
			isa = XCBuildConfiguration;
			baseConfigurationReference = 4AC1C44797BE459911261A44 /* Pods-Your News-Your NewsUITests.debug.xcconfig */;
			buildSettings = {
				ALWAYS_EMBED_SWIFT_STANDARD_LIBRARIES = YES;
				CODE_SIGN_STYLE = Automatic;
				CURRENT_PROJECT_VERSION = 1;
				GENERATE_INFOPLIST_FILE = YES;
				MARKETING_VERSION = 1.0;
				PRODUCT_BUNDLE_IDENTIFIER = "com.First.Your-NewsUITests";
				PRODUCT_NAME = "$(TARGET_NAME)";
				SWIFT_EMIT_LOC_STRINGS = NO;
				SWIFT_VERSION = 5.0;
				TARGETED_DEVICE_FAMILY = "1,2";
				TEST_TARGET_NAME = "Your News";
			};
			name = Debug;
		};
		DBA30C6F2A77A3D4002F8794 /* Release */ = {
			isa = XCBuildConfiguration;
			baseConfigurationReference = 5BA697A388E109C399C2A775 /* Pods-Your News-Your NewsUITests.release.xcconfig */;
			buildSettings = {
				ALWAYS_EMBED_SWIFT_STANDARD_LIBRARIES = YES;
				CODE_SIGN_STYLE = Automatic;
				CURRENT_PROJECT_VERSION = 1;
				GENERATE_INFOPLIST_FILE = YES;
				MARKETING_VERSION = 1.0;
				PRODUCT_BUNDLE_IDENTIFIER = "com.First.Your-NewsUITests";
				PRODUCT_NAME = "$(TARGET_NAME)";
				SWIFT_EMIT_LOC_STRINGS = NO;
				SWIFT_VERSION = 5.0;
				TARGETED_DEVICE_FAMILY = "1,2";
				TEST_TARGET_NAME = "Your News";
			};
			name = Release;
		};
/* End XCBuildConfiguration section */

/* Begin XCConfigurationList section */
		DBA30C352A77A3C6002F8794 /* Build configuration list for PBXProject "Your News" */ = {
			isa = XCConfigurationList;
			buildConfigurations = (
				DBA30C652A77A3D4002F8794 /* Debug */,
				DBA30C662A77A3D4002F8794 /* Release */,
			);
			defaultConfigurationIsVisible = 0;
			defaultConfigurationName = Release;
		};
		DBA30C672A77A3D4002F8794 /* Build configuration list for PBXNativeTarget "Your News" */ = {
			isa = XCConfigurationList;
			buildConfigurations = (
				DBA30C682A77A3D4002F8794 /* Debug */,
				DBA30C692A77A3D4002F8794 /* Release */,
			);
			defaultConfigurationIsVisible = 0;
			defaultConfigurationName = Release;
		};
		DBA30C6A2A77A3D4002F8794 /* Build configuration list for PBXNativeTarget "Your NewsTests" */ = {
			isa = XCConfigurationList;
			buildConfigurations = (
				DBA30C6B2A77A3D4002F8794 /* Debug */,
				DBA30C6C2A77A3D4002F8794 /* Release */,
			);
			defaultConfigurationIsVisible = 0;
			defaultConfigurationName = Release;
		};
		DBA30C6D2A77A3D4002F8794 /* Build configuration list for PBXNativeTarget "Your NewsUITests" */ = {
			isa = XCConfigurationList;
			buildConfigurations = (
				DBA30C6E2A77A3D4002F8794 /* Debug */,
				DBA30C6F2A77A3D4002F8794 /* Release */,
			);
			defaultConfigurationIsVisible = 0;
			defaultConfigurationName = Release;
		};
/* End XCConfigurationList section */

/* Begin XCRemoteSwiftPackageReference section */
		DB5C15632A78D7BC0086851A /* XCRemoteSwiftPackageReference "realm-swift" */ = {
			isa = XCRemoteSwiftPackageReference;
			repositoryURL = "https://github.com/realm/realm-swift.git";
			requirement = {
				kind = exactVersion;
				version = 10.42.0;
			};
		};
/* End XCRemoteSwiftPackageReference section */

/* Begin XCSwiftPackageProductDependency section */
		DB5C15642A78D7BD0086851A /* RealmSwift */ = {
			isa = XCSwiftPackageProductDependency;
			package = DB5C15632A78D7BC0086851A /* XCRemoteSwiftPackageReference "realm-swift" */;
			productName = RealmSwift;
		};
/* End XCSwiftPackageProductDependency section */

/* Begin XCVersionGroup section */
		DBA30C462A77A3C7002F8794 /* Your_News.xcdatamodeld */ = {
			isa = XCVersionGroup;
			children = (
				DBA30C472A77A3C7002F8794 /* Your_News.xcdatamodel */,
			);
			currentVersion = DBA30C472A77A3C7002F8794 /* Your_News.xcdatamodel */;
			path = Your_News.xcdatamodeld;
			sourceTree = "<group>";
			versionGroupType = wrapper.xcdatamodel;
		};
/* End XCVersionGroup section */
	};
	rootObject = DBA30C322A77A3C6002F8794 /* Project object */;
}
